
Microsoft Visual Studio Solution File, Format Version 12.00
# Visual Studio Version 17
VisualStudioVersion = 17.5.2.0
MinimumVisualStudioVersion = 10.0.40219.1
Project("{2150E333-8FDC-42A3-9474-1A3956D46DE8}") = "Algorithmen und Datenstrukturen", "Algorithmen und Datenstrukturen", "{9BCAE4DF-F098-E5CC-FA67-F6D24910DE52}"
EndProject
Project("{2150E333-8FDC-42A3-9474-1A3956D46DE8}") = "Grundlagen Game Development", "Grundlagen Game Development", "{A033C4B3-C7C3-C36A-8D07-0B7F7D951DAC}"
EndProject
Project("{2150E333-8FDC-42A3-9474-1A3956D46DE8}") = "Übung 1", "Übung 1", "{2CA9BAA4-747C-26E3-73B6-3E904C69544A}"
EndProject
Project("{2150E333-8FDC-42A3-9474-1A3956D46DE8}") = "muster", "muster", "{F0F41CC3-85B1-F74A-86A7-877FE71FF344}"
EndProject
Project("{FAE04EC0-301F-11D3-BF4B-00C04F79EFBC}") = "beispiel01", "Algorithmen und Datenstrukturen\Übung 1\muster\beispiel01.csproj", "{A97D822D-E759-768A-C27A-6834369C9F8E}"
EndProject
Project("{2150E333-8FDC-42A3-9474-1A3956D46DE8}") = "Übung 11", "Übung 11", "{7700453B-933F-1687-74FF-27E69942B503}"
EndProject
Project("{2150E333-8FDC-42A3-9474-1A3956D46DE8}") = "muster1", "muster1", "{D46FB95A-9EA8-501C-6DE1-3A8EAFAEE588}"
EndProject
Project("{FAE04EC0-301F-11D3-BF4B-00C04F79EFBC}") = "beispiel01", "Algorithmen und Datenstrukturen\Übung 11\muster1\beispiel01.csproj", "{8D76F8AC-21D5-A09B-B497-37A1D3CF20A8}"
EndProject
Project("{2150E333-8FDC-42A3-9474-1A3956D46DE8}") = "muster2", "muster2", "{8925D149-C4DC-EB47-3D29-FE2E01039C66}"
EndProject
Project("{FAE04EC0-301F-11D3-BF4B-00C04F79EFBC}") = "beispiel01", "Algorithmen und Datenstrukturen\Übung 11\muster2\beispiel01.csproj", "{C0E3E966-3C6D-ABDD-F6C9-235EC10C6E58}"
EndProject
Project("{2150E333-8FDC-42A3-9474-1A3956D46DE8}") = "Übung 12", "Übung 12", "{30721E0A-6110-C7BB-FC4C-AC7681D92947}"
EndProject
Project("{2150E333-8FDC-42A3-9474-1A3956D46DE8}") = "muster", "muster", "{EF3390A6-F391-7AA0-DD6E-17BC7CB86148}"
EndProject
Project("{FAE04EC0-301F-11D3-BF4B-00C04F79EFBC}") = "beispiel01", "Algorithmen und Datenstrukturen\Übung 12\muster\beispiel01.csproj", "{6DF67BB0-B729-2099-F8B0-5881D96DECB7}"
EndProject
Project("{2150E333-8FDC-42A3-9474-1A3956D46DE8}") = "Übung 2", "Übung 2", "{C4EE76C0-2D17-4855-4CF0-C671474BF8F9}"
EndProject
Project("{2150E333-8FDC-42A3-9474-1A3956D46DE8}") = "muster", "muster", "{2A07FE0B-B285-1781-BA06-F4A07BC8EE48}"
EndProject
Project("{FAE04EC0-301F-11D3-BF4B-00C04F79EFBC}") = "beispiel01", "Algorithmen und Datenstrukturen\Übung 2\muster\beispiel01.csproj", "{C7538285-A0F2-5E33-F153-4F1BE083E997}"
EndProject
Project("{2150E333-8FDC-42A3-9474-1A3956D46DE8}") = "Übung 3", "Übung 3", "{B977380A-EBEF-6D31-CEC8-940A1D353A66}"
EndProject
Project("{2150E333-8FDC-42A3-9474-1A3956D46DE8}") = "muster", "muster", "{37283787-6CF0-19E7-7F6A-BD80C85F58EE}"
EndProject
Project("{FAE04EC0-301F-11D3-BF4B-00C04F79EFBC}") = "beispiel01", "Algorithmen und Datenstrukturen\Übung 3\muster\beispiel01.csproj", "{8E8D9709-9D52-EADD-9ACE-6A0FE363C1A9}"
EndProject
Project("{2150E333-8FDC-42A3-9474-1A3956D46DE8}") = "Übung 4", "Übung 4", "{B3798BB8-5A6F-2A4D-7162-EFDC0C1CFA89}"
EndProject
Project("{2150E333-8FDC-42A3-9474-1A3956D46DE8}") = "muster1", "muster1", "{9BFFCCCA-B00F-2723-834D-DD84DEBE3111}"
EndProject
Project("{FAE04EC0-301F-11D3-BF4B-00C04F79EFBC}") = "beispiel01", "Algorithmen und Datenstrukturen\Übung 4\muster1\beispiel01.csproj", "{3C442A1C-B70E-BCAF-D7F4-6F948F1BF2EA}"
EndProject
Project("{2150E333-8FDC-42A3-9474-1A3956D46DE8}") = "muster2", "muster2", "{7FE455F0-9688-C59B-29AE-10F3513D1E74}"
EndProject
Project("{FAE04EC0-301F-11D3-BF4B-00C04F79EFBC}") = "beispiel02", "Algorithmen und Datenstrukturen\Übung 4\muster2\beispiel02.csproj", "{FB586876-EF0B-786B-EC40-4E818E3D0CFD}"
EndProject
Project("{2150E333-8FDC-42A3-9474-1A3956D46DE8}") = "Übung 5", "Übung 5", "{97C97A8E-3C79-A366-62E0-723716536103}"
EndProject
Project("{2150E333-8FDC-42A3-9474-1A3956D46DE8}") = "muster1", "muster1", "{920FBDA7-6825-8B5C-DB30-48823641B755}"
EndProject
Project("{FAE04EC0-301F-11D3-BF4B-00C04F79EFBC}") = "beispiel01", "Algorithmen und Datenstrukturen\Übung 5\muster1\beispiel01.csproj", "{CEA98648-D27D-6D22-B3A4-B136BBF20B02}"
EndProject
Project("{2150E333-8FDC-42A3-9474-1A3956D46DE8}") = "muster2", "muster2", "{046BE9C5-3D44-05C3-D16D-6B7CAEC6B550}"
EndProject
Project("{FAE04EC0-301F-11D3-BF4B-00C04F79EFBC}") = "beispiel02", "Algorithmen und Datenstrukturen\Übung 5\muster2\beispiel02.csproj", "{3AE4D126-A49D-1C92-2B04-B35CB3D1825A}"
EndProject
Project("{2150E333-8FDC-42A3-9474-1A3956D46DE8}") = "Übung 6", "Übung 6", "{CCFFD629-2A73-D699-C581-F9736543500B}"
EndProject
Project("{2150E333-8FDC-42A3-9474-1A3956D46DE8}") = "muster1", "muster1", "{461A890B-95F3-C1DF-EC52-4FA8313A17E1}"
EndProject
Project("{FAE04EC0-301F-11D3-BF4B-00C04F79EFBC}") = "beispiel01", "Algorithmen und Datenstrukturen\Übung 6\muster1\beispiel01.csproj", "{FBB63393-1343-A825-D17E-78A4FF7E64DC}"
EndProject
Project("{2150E333-8FDC-42A3-9474-1A3956D46DE8}") = "muster2", "muster2", "{95B753B3-2A9D-35CE-882B-9156F608C2DC}"
EndProject
Project("{FAE04EC0-301F-11D3-BF4B-00C04F79EFBC}") = "beispiel02", "Algorithmen und Datenstrukturen\Übung 6\muster2\beispiel02.csproj", "{E7647CB0-16C7-B7D0-57DF-0A8315C3D278}"
EndProject
Project("{2150E333-8FDC-42A3-9474-1A3956D46DE8}") = "muster3", "muster3", "{FF599FB3-0773-BD4B-75EE-A2FEE4B9D91D}"
EndProject
Project("{FAE04EC0-301F-11D3-BF4B-00C04F79EFBC}") = "beispiel03", "Algorithmen und Datenstrukturen\Übung 6\muster3\beispiel03.csproj", "{6FFECEFE-3DD9-CAB7-7B53-000322EF0714}"
EndProject
Project("{2150E333-8FDC-42A3-9474-1A3956D46DE8}") = "Übung 7", "Übung 7", "{D1BB9B79-BE76-2276-99B0-8E00D1EE4DF3}"
EndProject
Project("{2150E333-8FDC-42A3-9474-1A3956D46DE8}") = "muster", "muster", "{1CFEEEB2-D944-D541-F731-ABE705F6CCFB}"
EndProject
Project("{FAE04EC0-301F-11D3-BF4B-00C04F79EFBC}") = "beispiel01", "Algorithmen und Datenstrukturen\Übung 7\muster\beispiel01.csproj", "{77A3F5AA-24B5-B5F0-F720-ACC3C7BB6348}"
EndProject
Project("{2150E333-8FDC-42A3-9474-1A3956D46DE8}") = "Übung 8", "Übung 8", "{2832DE73-AF4B-BF94-34C0-1A6CDE2CC787}"
EndProject
Project("{2150E333-8FDC-42A3-9474-1A3956D46DE8}") = "muster", "muster", "{754216D3-588E-08D6-85A7-BC4ED6427480}"
EndProject
Project("{FAE04EC0-301F-11D3-BF4B-00C04F79EFBC}") = "beispiel01", "Algorithmen und Datenstrukturen\Übung 8\muster\beispiel01.csproj", "{BD796FE2-9558-30FC-0371-9A77DAE7F7C3}"
EndProject
Project("{2150E333-8FDC-42A3-9474-1A3956D46DE8}") = "Lab", "Lab", "{8BFC2B63-E3B5-1B47-5718-C72075188D10}"
EndProject
Project("{2150E333-8FDC-42A3-9474-1A3956D46DE8}") = "1_Transformations", "1_Transformations", "{8882C737-0751-0A96-627C-C39F35D78D26}"
EndProject
Project("{2150E333-8FDC-42A3-9474-1A3956D46DE8}") = "LiveCoding", "LiveCoding", "{310DD84E-A40B-60BF-7669-4156D13C68A4}"
EndProject
Project("{FAE04EC0-301F-11D3-BF4B-00C04F79EFBC}") = "GrundlagenGameDev", "Grundlagen Game Development\Lab\1_Transformations\LiveCoding\GrundlagenGameDev.csproj", "{CA909672-D65B-0187-660B-3E3AC19F49BA}"
EndProject
Project("{2150E333-8FDC-42A3-9474-1A3956D46DE8}") = "2_Asset_Handling_Rendering", "2_Asset_Handling_Rendering", "{929AA915-7170-EBA6-02B1-D56BA2C87D75}"
EndProject
Project("{2150E333-8FDC-42A3-9474-1A3956D46DE8}") = "LiveCoding", "LiveCoding", "{9F614978-6220-BDF2-77F1-9EA1E9882724}"
EndProject
Project("{FAE04EC0-301F-11D3-BF4B-00C04F79EFBC}") = "GrundlagenGameDev", "Grundlagen Game Development\Lab\2_Asset_Handling_Rendering\LiveCoding\GrundlagenGameDev.csproj", "{3415CD84-0DB3-F537-8460-FDBA6938961E}"
EndProject
Project("{2150E333-8FDC-42A3-9474-1A3956D46DE8}") = "3_Sprite_Animations", "3_Sprite_Animations", "{E2517EC3-D268-6ECB-B144-0E87325DDED5}"
EndProject
Project("{2150E333-8FDC-42A3-9474-1A3956D46DE8}") = "LiveCoding", "LiveCoding", "{446AA798-DA28-E99D-D238-6FCF8ADE796D}"
EndProject
Project("{FAE04EC0-301F-11D3-BF4B-00C04F79EFBC}") = "GrundlagenGameDev", "Grundlagen Game Development\Lab\3_Sprite_Animations\LiveCoding\GrundlagenGameDev.csproj", "{DE9785C6-0D46-429A-6D40-5781DF034410}"
EndProject
Project("{2150E333-8FDC-42A3-9474-1A3956D46DE8}") = "4_Collision_Physics", "4_Collision_Physics", "{A3DC7B76-0079-2C53-4B1C-D52CC9912795}"
EndProject
Project("{2150E333-8FDC-42A3-9474-1A3956D46DE8}") = "LiveCoding", "LiveCoding", "{1FFE0493-9963-2B0E-7667-2B5B497EFE15}"
EndProject
Project("{FAE04EC0-301F-11D3-BF4B-00C04F79EFBC}") = "GrundlagenGameDev", "Grundlagen Game Development\Lab\4_Collision_Physics\LiveCoding\GrundlagenGameDev.csproj", "{2B058C19-F887-E619-AC70-23E464F5E3FE}"
EndProject
Project("{2150E333-8FDC-42A3-9474-1A3956D46DE8}") = "Solutions", "Solutions", "{6971DDB8-AB7F-1C42-927C-7BDBEDC338B4}"
EndProject
Project("{2150E333-8FDC-42A3-9474-1A3956D46DE8}") = "Assignment1_SampleSolution", "Assignment1_SampleSolution", "{124CB5EB-7713-6C25-A559-E5B3A31D752B}"
EndProject
Project("{FAE04EC0-301F-11D3-BF4B-00C04F79EFBC}") = "GGD_Template", "Grundlagen Game Development\Lab\Solutions\Assignment1_SampleSolution\GGD_Template.csproj", "{8CF35F2A-AE79-2260-9236-5993EF52A19B}"
EndProject
Project("{2150E333-8FDC-42A3-9474-1A3956D46DE8}") = "Assignment2_SampleSolution", "Assignment2_SampleSolution", "{4E258999-2B7F-4A57-25F7-FD453730C5A2}"
EndProject
Project("{FAE04EC0-301F-11D3-BF4B-00C04F79EFBC}") = "GGD_Template", "Grundlagen Game Development\Lab\Solutions\Assignment2_SampleSolution\GGD_Template.csproj", "{ED9A4AFA-ADA6-D40F-1383-341ABD44C452}"
EndProject
Project("{2150E333-8FDC-42A3-9474-1A3956D46DE8}") = "Assignment3_SampleSolution", "Assignment3_SampleSolution", "{1096CA35-CF00-E5D4-6E88-C050E8B50C68}"
EndProject
Project("{FAE04EC0-301F-11D3-BF4B-00C04F79EFBC}") = "GGD_Template", "Grundlagen Game Development\Lab\Solutions\Assignment3_SampleSolution\GGD_Template.csproj", "{12310A11-975C-BB19-D702-092518BF7241}"
EndProject
Project("{2150E333-8FDC-42A3-9474-1A3956D46DE8}") = "Assignment3_SampleSolution_withShader", "Assignment3_SampleSolution_withShader", "{FDA7FF98-D153-5FC4-0C25-A8EF1D7513D6}"
EndProject
Project("{FAE04EC0-301F-11D3-BF4B-00C04F79EFBC}") = "GGD_Template", "Grundlagen Game Development\Lab\Solutions\Assignment3_SampleSolution_withShader\GGD_Template.csproj", "{A44B8A53-48A3-A728-E49D-8C604DE0D790}"
EndProject
Project("{2150E333-8FDC-42A3-9474-1A3956D46DE8}") = "0_Intro", "0_Intro", "{51C254CA-A83C-38E8-F429-F35AA5939196}"
EndProject
Project("{2150E333-8FDC-42A3-9474-1A3956D46DE8}") = "LiveCoding", "LiveCoding", "{BBEFD4CC-54DF-09EC-97F5-D6AEE8E70744}"
EndProject
Project("{2150E333-8FDC-42A3-9474-1A3956D46DE8}") = "GrundlagenGameDev", "GrundlagenGameDev", "{267F9A48-175B-7829-C712-1C92FF536030}"
EndProject
Project("{FAE04EC0-301F-11D3-BF4B-00C04F79EFBC}") = "GrundlagenGameDev", "Grundlagen Game Development\Lab\0_Intro\LiveCoding\GrundlagenGameDev\GrundlagenGameDev\GrundlagenGameDev.csproj", "{DC0F354F-4D74-3352-F1A1-AA1DFF2F36A0}"
EndProject
Global
	GlobalSection(SolutionConfigurationPlatforms) = preSolution
		Debug|Any CPU = Debug|Any CPU
		Release|Any CPU = Release|Any CPU
	EndGlobalSection
	GlobalSection(ProjectConfigurationPlatforms) = postSolution
		{A97D822D-E759-768A-C27A-6834369C9F8E}.Debug|Any CPU.ActiveCfg = Debug|Any CPU
		{A97D822D-E759-768A-C27A-6834369C9F8E}.Debug|Any CPU.Build.0 = Debug|Any CPU
		{A97D822D-E759-768A-C27A-6834369C9F8E}.Release|Any CPU.ActiveCfg = Release|Any CPU
		{A97D822D-E759-768A-C27A-6834369C9F8E}.Release|Any CPU.Build.0 = Release|Any CPU
		{8D76F8AC-21D5-A09B-B497-37A1D3CF20A8}.Debug|Any CPU.ActiveCfg = Debug|Any CPU
		{8D76F8AC-21D5-A09B-B497-37A1D3CF20A8}.Debug|Any CPU.Build.0 = Debug|Any CPU
		{8D76F8AC-21D5-A09B-B497-37A1D3CF20A8}.Release|Any CPU.ActiveCfg = Release|Any CPU
		{8D76F8AC-21D5-A09B-B497-37A1D3CF20A8}.Release|Any CPU.Build.0 = Release|Any CPU
		{C0E3E966-3C6D-ABDD-F6C9-235EC10C6E58}.Debug|Any CPU.ActiveCfg = Debug|Any CPU
		{C0E3E966-3C6D-ABDD-F6C9-235EC10C6E58}.Debug|Any CPU.Build.0 = Debug|Any CPU
		{C0E3E966-3C6D-ABDD-F6C9-235EC10C6E58}.Release|Any CPU.ActiveCfg = Release|Any CPU
		{C0E3E966-3C6D-ABDD-F6C9-235EC10C6E58}.Release|Any CPU.Build.0 = Release|Any CPU
		{6DF67BB0-B729-2099-F8B0-5881D96DECB7}.Debug|Any CPU.ActiveCfg = Debug|Any CPU
		{6DF67BB0-B729-2099-F8B0-5881D96DECB7}.Debug|Any CPU.Build.0 = Debug|Any CPU
		{6DF67BB0-B729-2099-F8B0-5881D96DECB7}.Release|Any CPU.ActiveCfg = Release|Any CPU
		{6DF67BB0-B729-2099-F8B0-5881D96DECB7}.Release|Any CPU.Build.0 = Release|Any CPU
		{C7538285-A0F2-5E33-F153-4F1BE083E997}.Debug|Any CPU.ActiveCfg = Debug|Any CPU
		{C7538285-A0F2-5E33-F153-4F1BE083E997}.Debug|Any CPU.Build.0 = Debug|Any CPU
		{C7538285-A0F2-5E33-F153-4F1BE083E997}.Release|Any CPU.ActiveCfg = Release|Any CPU
		{C7538285-A0F2-5E33-F153-4F1BE083E997}.Release|Any CPU.Build.0 = Release|Any CPU
		{8E8D9709-9D52-EADD-9ACE-6A0FE363C1A9}.Debug|Any CPU.ActiveCfg = Debug|Any CPU
		{8E8D9709-9D52-EADD-9ACE-6A0FE363C1A9}.Debug|Any CPU.Build.0 = Debug|Any CPU
		{8E8D9709-9D52-EADD-9ACE-6A0FE363C1A9}.Release|Any CPU.ActiveCfg = Release|Any CPU
		{8E8D9709-9D52-EADD-9ACE-6A0FE363C1A9}.Release|Any CPU.Build.0 = Release|Any CPU
		{3C442A1C-B70E-BCAF-D7F4-6F948F1BF2EA}.Debug|Any CPU.ActiveCfg = Debug|Any CPU
		{3C442A1C-B70E-BCAF-D7F4-6F948F1BF2EA}.Debug|Any CPU.Build.0 = Debug|Any CPU
		{3C442A1C-B70E-BCAF-D7F4-6F948F1BF2EA}.Release|Any CPU.ActiveCfg = Release|Any CPU
		{3C442A1C-B70E-BCAF-D7F4-6F948F1BF2EA}.Release|Any CPU.Build.0 = Release|Any CPU
		{FB586876-EF0B-786B-EC40-4E818E3D0CFD}.Debug|Any CPU.ActiveCfg = Debug|Any CPU
		{FB586876-EF0B-786B-EC40-4E818E3D0CFD}.Debug|Any CPU.Build.0 = Debug|Any CPU
		{FB586876-EF0B-786B-EC40-4E818E3D0CFD}.Release|Any CPU.ActiveCfg = Release|Any CPU
		{FB586876-EF0B-786B-EC40-4E818E3D0CFD}.Release|Any CPU.Build.0 = Release|Any CPU
		{CEA98648-D27D-6D22-B3A4-B136BBF20B02}.Debug|Any CPU.ActiveCfg = Debug|Any CPU
		{CEA98648-D27D-6D22-B3A4-B136BBF20B02}.Debug|Any CPU.Build.0 = Debug|Any CPU
		{CEA98648-D27D-6D22-B3A4-B136BBF20B02}.Release|Any CPU.ActiveCfg = Release|Any CPU
		{CEA98648-D27D-6D22-B3A4-B136BBF20B02}.Release|Any CPU.Build.0 = Release|Any CPU
		{3AE4D126-A49D-1C92-2B04-B35CB3D1825A}.Debug|Any CPU.ActiveCfg = Debug|Any CPU
		{3AE4D126-A49D-1C92-2B04-B35CB3D1825A}.Debug|Any CPU.Build.0 = Debug|Any CPU
		{3AE4D126-A49D-1C92-2B04-B35CB3D1825A}.Release|Any CPU.ActiveCfg = Release|Any CPU
		{3AE4D126-A49D-1C92-2B04-B35CB3D1825A}.Release|Any CPU.Build.0 = Release|Any CPU
		{FBB63393-1343-A825-D17E-78A4FF7E64DC}.Debug|Any CPU.ActiveCfg = Debug|Any CPU
		{FBB63393-1343-A825-D17E-78A4FF7E64DC}.Debug|Any CPU.Build.0 = Debug|Any CPU
		{FBB63393-1343-A825-D17E-78A4FF7E64DC}.Release|Any CPU.ActiveCfg = Release|Any CPU
		{FBB63393-1343-A825-D17E-78A4FF7E64DC}.Release|Any CPU.Build.0 = Release|Any CPU
		{E7647CB0-16C7-B7D0-57DF-0A8315C3D278}.Debug|Any CPU.ActiveCfg = Debug|Any CPU
		{E7647CB0-16C7-B7D0-57DF-0A8315C3D278}.Debug|Any CPU.Build.0 = Debug|Any CPU
		{E7647CB0-16C7-B7D0-57DF-0A8315C3D278}.Release|Any CPU.ActiveCfg = Release|Any CPU
		{E7647CB0-16C7-B7D0-57DF-0A8315C3D278}.Release|Any CPU.Build.0 = Release|Any CPU
		{6FFECEFE-3DD9-CAB7-7B53-000322EF0714}.Debug|Any CPU.ActiveCfg = Debug|Any CPU
		{6FFECEFE-3DD9-CAB7-7B53-000322EF0714}.Debug|Any CPU.Build.0 = Debug|Any CPU
		{6FFECEFE-3DD9-CAB7-7B53-000322EF0714}.Release|Any CPU.ActiveCfg = Release|Any CPU
		{6FFECEFE-3DD9-CAB7-7B53-000322EF0714}.Release|Any CPU.Build.0 = Release|Any CPU
		{77A3F5AA-24B5-B5F0-F720-ACC3C7BB6348}.Debug|Any CPU.ActiveCfg = Debug|Any CPU
		{77A3F5AA-24B5-B5F0-F720-ACC3C7BB6348}.Debug|Any CPU.Build.0 = Debug|Any CPU
		{77A3F5AA-24B5-B5F0-F720-ACC3C7BB6348}.Release|Any CPU.ActiveCfg = Release|Any CPU
		{77A3F5AA-24B5-B5F0-F720-ACC3C7BB6348}.Release|Any CPU.Build.0 = Release|Any CPU
		{BD796FE2-9558-30FC-0371-9A77DAE7F7C3}.Debug|Any CPU.ActiveCfg = Debug|Any CPU
		{BD796FE2-9558-30FC-0371-9A77DAE7F7C3}.Debug|Any CPU.Build.0 = Debug|Any CPU
		{BD796FE2-9558-30FC-0371-9A77DAE7F7C3}.Release|Any CPU.ActiveCfg = Release|Any CPU
		{BD796FE2-9558-30FC-0371-9A77DAE7F7C3}.Release|Any CPU.Build.0 = Release|Any CPU
		{CA909672-D65B-0187-660B-3E3AC19F49BA}.Debug|Any CPU.ActiveCfg = Debug|Any CPU
		{CA909672-D65B-0187-660B-3E3AC19F49BA}.Debug|Any CPU.Build.0 = Debug|Any CPU
		{CA909672-D65B-0187-660B-3E3AC19F49BA}.Release|Any CPU.ActiveCfg = Release|Any CPU
		{CA909672-D65B-0187-660B-3E3AC19F49BA}.Release|Any CPU.Build.0 = Release|Any CPU
		{3415CD84-0DB3-F537-8460-FDBA6938961E}.Debug|Any CPU.ActiveCfg = Debug|Any CPU
		{3415CD84-0DB3-F537-8460-FDBA6938961E}.Debug|Any CPU.Build.0 = Debug|Any CPU
		{3415CD84-0DB3-F537-8460-FDBA6938961E}.Release|Any CPU.ActiveCfg = Release|Any CPU
		{3415CD84-0DB3-F537-8460-FDBA6938961E}.Release|Any CPU.Build.0 = Release|Any CPU
		{DE9785C6-0D46-429A-6D40-5781DF034410}.Debug|Any CPU.ActiveCfg = Debug|Any CPU
		{DE9785C6-0D46-429A-6D40-5781DF034410}.Debug|Any CPU.Build.0 = Debug|Any CPU
		{DE9785C6-0D46-429A-6D40-5781DF034410}.Release|Any CPU.ActiveCfg = Release|Any CPU
		{DE9785C6-0D46-429A-6D40-5781DF034410}.Release|Any CPU.Build.0 = Release|Any CPU
		{2B058C19-F887-E619-AC70-23E464F5E3FE}.Debug|Any CPU.ActiveCfg = Debug|Any CPU
		{2B058C19-F887-E619-AC70-23E464F5E3FE}.Debug|Any CPU.Build.0 = Debug|Any CPU
		{2B058C19-F887-E619-AC70-23E464F5E3FE}.Release|Any CPU.ActiveCfg = Release|Any CPU
		{2B058C19-F887-E619-AC70-23E464F5E3FE}.Release|Any CPU.Build.0 = Release|Any CPU
		{8CF35F2A-AE79-2260-9236-5993EF52A19B}.Debug|Any CPU.ActiveCfg = Debug|Any CPU
		{8CF35F2A-AE79-2260-9236-5993EF52A19B}.Debug|Any CPU.Build.0 = Debug|Any CPU
		{8CF35F2A-AE79-2260-9236-5993EF52A19B}.Release|Any CPU.ActiveCfg = Release|Any CPU
		{8CF35F2A-AE79-2260-9236-5993EF52A19B}.Release|Any CPU.Build.0 = Release|Any CPU
		{ED9A4AFA-ADA6-D40F-1383-341ABD44C452}.Debug|Any CPU.ActiveCfg = Debug|Any CPU
		{ED9A4AFA-ADA6-D40F-1383-341ABD44C452}.Debug|Any CPU.Build.0 = Debug|Any CPU
		{ED9A4AFA-ADA6-D40F-1383-341ABD44C452}.Release|Any CPU.ActiveCfg = Release|Any CPU
		{ED9A4AFA-ADA6-D40F-1383-341ABD44C452}.Release|Any CPU.Build.0 = Release|Any CPU
		{12310A11-975C-BB19-D702-092518BF7241}.Debug|Any CPU.ActiveCfg = Debug|Any CPU
		{12310A11-975C-BB19-D702-092518BF7241}.Debug|Any CPU.Build.0 = Debug|Any CPU
		{12310A11-975C-BB19-D702-092518BF7241}.Release|Any CPU.ActiveCfg = Release|Any CPU
		{12310A11-975C-BB19-D702-092518BF7241}.Release|Any CPU.Build.0 = Release|Any CPU
		{A44B8A53-48A3-A728-E49D-8C604DE0D790}.Debug|Any CPU.ActiveCfg = Debug|Any CPU
		{A44B8A53-48A3-A728-E49D-8C604DE0D790}.Debug|Any CPU.Build.0 = Debug|Any CPU
		{A44B8A53-48A3-A728-E49D-8C604DE0D790}.Release|Any CPU.ActiveCfg = Release|Any CPU
		{A44B8A53-48A3-A728-E49D-8C604DE0D790}.Release|Any CPU.Build.0 = Release|Any CPU
		{DC0F354F-4D74-3352-F1A1-AA1DFF2F36A0}.Debug|Any CPU.ActiveCfg = Debug|Any CPU
		{DC0F354F-4D74-3352-F1A1-AA1DFF2F36A0}.Debug|Any CPU.Build.0 = Debug|Any CPU
		{DC0F354F-4D74-3352-F1A1-AA1DFF2F36A0}.Release|Any CPU.ActiveCfg = Release|Any CPU
		{DC0F354F-4D74-3352-F1A1-AA1DFF2F36A0}.Release|Any CPU.Build.0 = Release|Any CPU
	EndGlobalSection
	GlobalSection(SolutionProperties) = preSolution
		HideSolutionNode = FALSE
	EndGlobalSection
	GlobalSection(NestedProjects) = preSolution
		{2CA9BAA4-747C-26E3-73B6-3E904C69544A} = {9BCAE4DF-F098-E5CC-FA67-F6D24910DE52}
		{F0F41CC3-85B1-F74A-86A7-877FE71FF344} = {2CA9BAA4-747C-26E3-73B6-3E904C69544A}
		{A97D822D-E759-768A-C27A-6834369C9F8E} = {F0F41CC3-85B1-F74A-86A7-877FE71FF344}
		{7700453B-933F-1687-74FF-27E69942B503} = {9BCAE4DF-F098-E5CC-FA67-F6D24910DE52}
		{D46FB95A-9EA8-501C-6DE1-3A8EAFAEE588} = {7700453B-933F-1687-74FF-27E69942B503}
		{8D76F8AC-21D5-A09B-B497-37A1D3CF20A8} = {D46FB95A-9EA8-501C-6DE1-3A8EAFAEE588}
		{8925D149-C4DC-EB47-3D29-FE2E01039C66} = {7700453B-933F-1687-74FF-27E69942B503}
		{C0E3E966-3C6D-ABDD-F6C9-235EC10C6E58} = {8925D149-C4DC-EB47-3D29-FE2E01039C66}
		{30721E0A-6110-C7BB-FC4C-AC7681D92947} = {9BCAE4DF-F098-E5CC-FA67-F6D24910DE52}
		{EF3390A6-F391-7AA0-DD6E-17BC7CB86148} = {30721E0A-6110-C7BB-FC4C-AC7681D92947}
		{6DF67BB0-B729-2099-F8B0-5881D96DECB7} = {EF3390A6-F391-7AA0-DD6E-17BC7CB86148}
		{C4EE76C0-2D17-4855-4CF0-C671474BF8F9} = {9BCAE4DF-F098-E5CC-FA67-F6D24910DE52}
		{2A07FE0B-B285-1781-BA06-F4A07BC8EE48} = {C4EE76C0-2D17-4855-4CF0-C671474BF8F9}
		{C7538285-A0F2-5E33-F153-4F1BE083E997} = {2A07FE0B-B285-1781-BA06-F4A07BC8EE48}
		{B977380A-EBEF-6D31-CEC8-940A1D353A66} = {9BCAE4DF-F098-E5CC-FA67-F6D24910DE52}
		{37283787-6CF0-19E7-7F6A-BD80C85F58EE} = {B977380A-EBEF-6D31-CEC8-940A1D353A66}
		{8E8D9709-9D52-EADD-9ACE-6A0FE363C1A9} = {37283787-6CF0-19E7-7F6A-BD80C85F58EE}
		{B3798BB8-5A6F-2A4D-7162-EFDC0C1CFA89} = {9BCAE4DF-F098-E5CC-FA67-F6D24910DE52}
		{9BFFCCCA-B00F-2723-834D-DD84DEBE3111} = {B3798BB8-5A6F-2A4D-7162-EFDC0C1CFA89}
		{3C442A1C-B70E-BCAF-D7F4-6F948F1BF2EA} = {9BFFCCCA-B00F-2723-834D-DD84DEBE3111}
		{7FE455F0-9688-C59B-29AE-10F3513D1E74} = {B3798BB8-5A6F-2A4D-7162-EFDC0C1CFA89}
		{FB586876-EF0B-786B-EC40-4E818E3D0CFD} = {7FE455F0-9688-C59B-29AE-10F3513D1E74}
		{97C97A8E-3C79-A366-62E0-723716536103} = {9BCAE4DF-F098-E5CC-FA67-F6D24910DE52}
		{920FBDA7-6825-8B5C-DB30-48823641B755} = {97C97A8E-3C79-A366-62E0-723716536103}
		{CEA98648-D27D-6D22-B3A4-B136BBF20B02} = {920FBDA7-6825-8B5C-DB30-48823641B755}
		{046BE9C5-3D44-05C3-D16D-6B7CAEC6B550} = {97C97A8E-3C79-A366-62E0-723716536103}
		{3AE4D126-A49D-1C92-2B04-B35CB3D1825A} = {046BE9C5-3D44-05C3-D16D-6B7CAEC6B550}
		{CCFFD629-2A73-D699-C581-F9736543500B} = {9BCAE4DF-F098-E5CC-FA67-F6D24910DE52}
		{461A890B-95F3-C1DF-EC52-4FA8313A17E1} = {CCFFD629-2A73-D699-C581-F9736543500B}
		{FBB63393-1343-A825-D17E-78A4FF7E64DC} = {461A890B-95F3-C1DF-EC52-4FA8313A17E1}
		{95B753B3-2A9D-35CE-882B-9156F608C2DC} = {CCFFD629-2A73-D699-C581-F9736543500B}
		{E7647CB0-16C7-B7D0-57DF-0A8315C3D278} = {95B753B3-2A9D-35CE-882B-9156F608C2DC}
		{FF599FB3-0773-BD4B-75EE-A2FEE4B9D91D} = {CCFFD629-2A73-D699-C581-F9736543500B}
		{6FFECEFE-3DD9-CAB7-7B53-000322EF0714} = {FF599FB3-0773-BD4B-75EE-A2FEE4B9D91D}
		{D1BB9B79-BE76-2276-99B0-8E00D1EE4DF3} = {9BCAE4DF-F098-E5CC-FA67-F6D24910DE52}
		{1CFEEEB2-D944-D541-F731-ABE705F6CCFB} = {D1BB9B79-BE76-2276-99B0-8E00D1EE4DF3}
		{77A3F5AA-24B5-B5F0-F720-ACC3C7BB6348} = {1CFEEEB2-D944-D541-F731-ABE705F6CCFB}
		{2832DE73-AF4B-BF94-34C0-1A6CDE2CC787} = {9BCAE4DF-F098-E5CC-FA67-F6D24910DE52}
		{754216D3-588E-08D6-85A7-BC4ED6427480} = {2832DE73-AF4B-BF94-34C0-1A6CDE2CC787}
		{BD796FE2-9558-30FC-0371-9A77DAE7F7C3} = {754216D3-588E-08D6-85A7-BC4ED6427480}
		{8BFC2B63-E3B5-1B47-5718-C72075188D10} = {A033C4B3-C7C3-C36A-8D07-0B7F7D951DAC}
		{8882C737-0751-0A96-627C-C39F35D78D26} = {8BFC2B63-E3B5-1B47-5718-C72075188D10}
		{310DD84E-A40B-60BF-7669-4156D13C68A4} = {8882C737-0751-0A96-627C-C39F35D78D26}
		{CA909672-D65B-0187-660B-3E3AC19F49BA} = {310DD84E-A40B-60BF-7669-4156D13C68A4}
		{929AA915-7170-EBA6-02B1-D56BA2C87D75} = {8BFC2B63-E3B5-1B47-5718-C72075188D10}
		{9F614978-6220-BDF2-77F1-9EA1E9882724} = {929AA915-7170-EBA6-02B1-D56BA2C87D75}
		{3415CD84-0DB3-F537-8460-FDBA6938961E} = {9F614978-6220-BDF2-77F1-9EA1E9882724}
		{E2517EC3-D268-6ECB-B144-0E87325DDED5} = {8BFC2B63-E3B5-1B47-5718-C72075188D10}
		{446AA798-DA28-E99D-D238-6FCF8ADE796D} = {E2517EC3-D268-6ECB-B144-0E87325DDED5}
		{DE9785C6-0D46-429A-6D40-5781DF034410} = {446AA798-DA28-E99D-D238-6FCF8ADE796D}
		{A3DC7B76-0079-2C53-4B1C-D52CC9912795} = {8BFC2B63-E3B5-1B47-5718-C72075188D10}
		{1FFE0493-9963-2B0E-7667-2B5B497EFE15} = {A3DC7B76-0079-2C53-4B1C-D52CC9912795}
		{2B058C19-F887-E619-AC70-23E464F5E3FE} = {1FFE0493-9963-2B0E-7667-2B5B497EFE15}
		{6971DDB8-AB7F-1C42-927C-7BDBEDC338B4} = {8BFC2B63-E3B5-1B47-5718-C72075188D10}
		{124CB5EB-7713-6C25-A559-E5B3A31D752B} = {6971DDB8-AB7F-1C42-927C-7BDBEDC338B4}
		{8CF35F2A-AE79-2260-9236-5993EF52A19B} = {124CB5EB-7713-6C25-A559-E5B3A31D752B}
		{4E258999-2B7F-4A57-25F7-FD453730C5A2} = {6971DDB8-AB7F-1C42-927C-7BDBEDC338B4}
		{ED9A4AFA-ADA6-D40F-1383-341ABD44C452} = {4E258999-2B7F-4A57-25F7-FD453730C5A2}
		{1096CA35-CF00-E5D4-6E88-C050E8B50C68} = {6971DDB8-AB7F-1C42-927C-7BDBEDC338B4}
		{12310A11-975C-BB19-D702-092518BF7241} = {1096CA35-CF00-E5D4-6E88-C050E8B50C68}
		{FDA7FF98-D153-5FC4-0C25-A8EF1D7513D6} = {6971DDB8-AB7F-1C42-927C-7BDBEDC338B4}
		{A44B8A53-48A3-A728-E49D-8C604DE0D790} = {FDA7FF98-D153-5FC4-0C25-A8EF1D7513D6}
		{51C254CA-A83C-38E8-F429-F35AA5939196} = {8BFC2B63-E3B5-1B47-5718-C72075188D10}
		{BBEFD4CC-54DF-09EC-97F5-D6AEE8E70744} = {51C254CA-A83C-38E8-F429-F35AA5939196}
		{267F9A48-175B-7829-C712-1C92FF536030} = {BBEFD4CC-54DF-09EC-97F5-D6AEE8E70744}
		{DC0F354F-4D74-3352-F1A1-AA1DFF2F36A0} = {267F9A48-175B-7829-C712-1C92FF536030}
	EndGlobalSection
	GlobalSection(ExtensibilityGlobals) = postSolution
		SolutionGuid = {E4B12F6B-9F2A-4B37-B540-62BE2A56A94B}
	EndGlobalSection
EndGlobal
